
Microsoft Visual Studio Solution File, Format Version 12.00
# Visual Studio Version 16
VisualStudioVersion = 16.0.31729.503
MinimumVisualStudioVersion = 10.0.40219.1
Project("{FAE04EC0-301F-11D3-BF4B-00C04F79EFBC}") = "VideoStore.Api", "VideoStore\VideoStore.Api.csproj", "{7C8AC5D7-3D00-4A15-8928-13E10F1EAA31}"
EndProject
Project("{FAE04EC0-301F-11D3-BF4B-00C04F79EFBC}") = "VideoStore.Infra", "VideoStore.Infra\VideoStore.Infra.csproj", "{B611263E-6450-44F7-8A1E-B5791A448CF0}"
EndProject
Project("{FAE04EC0-301F-11D3-BF4B-00C04F79EFBC}") = "VideoStore.Domain", "VideoStore.Domain\VideoStore.Domain.csproj", "{A6C82879-0264-462F-9F3A-5808747019AA}"
EndProject
Project("{FAE04EC0-301F-11D3-BF4B-00C04F79EFBC}") = "VideoStore.Application", "VideoStore.Application\VideoStore.Application.csproj", "{C88D1DF1-CFFF-4BDE-990B-6CEF11A04C3C}"
EndProject
Global
	GlobalSection(SolutionConfigurationPlatforms) = preSolution
		Debug|Any CPU = Debug|Any CPU
		Release|Any CPU = Release|Any CPU
	EndGlobalSection
	GlobalSection(ProjectConfigurationPlatforms) = postSolution
		{7C8AC5D7-3D00-4A15-8928-13E10F1EAA31}.Debug|Any CPU.ActiveCfg = Debug|Any CPU
		{7C8AC5D7-3D00-4A15-8928-13E10F1EAA31}.Debug|Any CPU.Build.0 = Debug|Any CPU
		{7C8AC5D7-3D00-4A15-8928-13E10F1EAA31}.Release|Any CPU.ActiveCfg = Release|Any CPU
		{7C8AC5D7-3D00-4A15-8928-13E10F1EAA31}.Release|Any CPU.Build.0 = Release|Any CPU
		{B611263E-6450-44F7-8A1E-B5791A448CF0}.Debug|Any CPU.ActiveCfg = Debug|Any CPU
		{B611263E-6450-44F7-8A1E-B5791A448CF0}.Debug|Any CPU.Build.0 = Debug|Any CPU
		{B611263E-6450-44F7-8A1E-B5791A448CF0}.Release|Any CPU.ActiveCfg = Release|Any CPU
		{B611263E-6450-44F7-8A1E-B5791A448CF0}.Release|Any CPU.Build.0 = Release|Any CPU
		{A6C82879-0264-462F-9F3A-5808747019AA}.Debug|Any CPU.ActiveCfg = Debug|Any CPU
		{A6C82879-0264-462F-9F3A-5808747019AA}.Debug|Any CPU.Build.0 = Debug|Any CPU
		{A6C82879-0264-462F-9F3A-5808747019AA}.Release|Any CPU.ActiveCfg = Release|Any CPU
		{A6C82879-0264-462F-9F3A-5808747019AA}.Release|Any CPU.Build.0 = Release|Any CPU
		{C88D1DF1-CFFF-4BDE-990B-6CEF11A04C3C}.Debug|Any CPU.ActiveCfg = Debug|Any CPU
		{C88D1DF1-CFFF-4BDE-990B-6CEF11A04C3C}.Debug|Any CPU.Build.0 = Debug|Any CPU
		{C88D1DF1-CFFF-4BDE-990B-6CEF11A04C3C}.Release|Any CPU.ActiveCfg = Release|Any CPU
		{C88D1DF1-CFFF-4BDE-990B-6CEF11A04C3C}.Release|Any CPU.Build.0 = Release|Any CPU
	EndGlobalSection
	GlobalSection(SolutionProperties) = preSolution
		HideSolutionNode = FALSE
	EndGlobalSection
	GlobalSection(ExtensibilityGlobals) = postSolution
		SolutionGuid = {4769E7EB-6B3F-40AF-9637-8902F1F88464}
	EndGlobalSection
EndGlobal
